
Microsoft Visual Studio Solution File, Format Version 12.00
# Visual Studio Version 17
VisualStudioVersion = 17.3.32811.315
MinimumVisualStudioVersion = 10.0.40219.1
Project("{8BC9CEB8-8B4A-11D0-8D11-00A0C91BC942}") = "Prob_1", "Prob_1.vcxproj", "{313DCAF4-555A-4690-9184-F2F866459E93}"
EndProject
Global
	GlobalSection(SolutionConfigurationPlatforms) = preSolution
		Debug|x64 = Debug|x64
		Debug|x86 = Debug|x86
		Release|x64 = Release|x64
		Release|x86 = Release|x86
	EndGlobalSection
	GlobalSection(ProjectConfigurationPlatforms) = postSolution
		{313DCAF4-555A-4690-9184-F2F866459E93}.Debug|x64.ActiveCfg = Debug|x64
		{313DCAF4-555A-4690-9184-F2F866459E93}.Debug|x64.Build.0 = Debug|x64
		{313DCAF4-555A-4690-9184-F2F866459E93}.Debug|x86.ActiveCfg = Debug|Win32
		{313DCAF4-555A-4690-9184-F2F866459E93}.Debug|x86.Build.0 = Debug|Win32
		{313DCAF4-555A-4690-9184-F2F866459E93}.Release|x64.ActiveCfg = Release|x64
		{313DCAF4-555A-4690-9184-F2F866459E93}.Release|x64.Build.0 = Release|x64
		{313DCAF4-555A-4690-9184-F2F866459E93}.Release|x86.ActiveCfg = Release|Win32
		{313DCAF4-555A-4690-9184-F2F866459E93}.Release|x86.Build.0 = Release|Win32
	EndGlobalSection
	GlobalSection(SolutionProperties) = preSolution
		HideSolutionNode = FALSE
	EndGlobalSection
	GlobalSection(ExtensibilityGlobals) = postSolution
		SolutionGuid = {D9F8E525-1DBC-486B-8DDC-C3FDDA0F3177}
	EndGlobalSection
EndGlobal
