
Microsoft Visual Studio Solution File, Format Version 12.00
# Visual Studio Version 17
VisualStudioVersion = 17.3.32901.215
MinimumVisualStudioVersion = 10.0.40219.1
Project("{8BC9CEB8-8B4A-11D0-8D11-00A0C91BC942}") = "Prob_4", "Prob_4.vcxproj", "{9B1B3230-A8B3-4FCB-9E72-B5F8E60DC163}"
EndProject
Global
	GlobalSection(SolutionConfigurationPlatforms) = preSolution
		Debug|x64 = Debug|x64
		Debug|x86 = Debug|x86
		Release|x64 = Release|x64
		Release|x86 = Release|x86
	EndGlobalSection
	GlobalSection(ProjectConfigurationPlatforms) = postSolution
		{9B1B3230-A8B3-4FCB-9E72-B5F8E60DC163}.Debug|x64.ActiveCfg = Debug|x64
		{9B1B3230-A8B3-4FCB-9E72-B5F8E60DC163}.Debug|x64.Build.0 = Debug|x64
		{9B1B3230-A8B3-4FCB-9E72-B5F8E60DC163}.Debug|x86.ActiveCfg = Debug|Win32
		{9B1B3230-A8B3-4FCB-9E72-B5F8E60DC163}.Debug|x86.Build.0 = Debug|Win32
		{9B1B3230-A8B3-4FCB-9E72-B5F8E60DC163}.Release|x64.ActiveCfg = Release|x64
		{9B1B3230-A8B3-4FCB-9E72-B5F8E60DC163}.Release|x64.Build.0 = Release|x64
		{9B1B3230-A8B3-4FCB-9E72-B5F8E60DC163}.Release|x86.ActiveCfg = Release|Win32
		{9B1B3230-A8B3-4FCB-9E72-B5F8E60DC163}.Release|x86.Build.0 = Release|Win32
	EndGlobalSection
	GlobalSection(SolutionProperties) = preSolution
		HideSolutionNode = FALSE
	EndGlobalSection
	GlobalSection(ExtensibilityGlobals) = postSolution
		SolutionGuid = {01F0AEB6-A463-4EDC-96EF-AF40A759B283}
	EndGlobalSection
EndGlobal
